
Microsoft Visual Studio Solution File, Format Version 12.00
# Visual Studio 15
VisualStudioVersion = 15.0.28010.2026
MinimumVisualStudioVersion = 10.0.40219.1
Project("{9092AA53-FB77-4645-B42D-1CCCA6BD08BD}") = "ReatTimeApp", "ReatTimeApp.njsproj", "{DE77EA4B-8CD8-4526-8F68-926D44362B75}"
EndProject
Global
	GlobalSection(SolutionConfigurationPlatforms) = preSolution
		Debug|Any CPU = Debug|Any CPU
		Release|Any CPU = Release|Any CPU
	EndGlobalSection
	GlobalSection(ProjectConfigurationPlatforms) = postSolution
		{DE77EA4B-8CD8-4526-8F68-926D44362B75}.Debug|Any CPU.ActiveCfg = Debug|Any CPU
		{DE77EA4B-8CD8-4526-8F68-926D44362B75}.Debug|Any CPU.Build.0 = Debug|Any CPU
		{DE77EA4B-8CD8-4526-8F68-926D44362B75}.Release|Any CPU.ActiveCfg = Release|Any CPU
		{DE77EA4B-8CD8-4526-8F68-926D44362B75}.Release|Any CPU.Build.0 = Release|Any CPU
	EndGlobalSection
	GlobalSection(SolutionProperties) = preSolution
		HideSolutionNode = FALSE
	EndGlobalSection
	GlobalSection(ExtensibilityGlobals) = postSolution
		SolutionGuid = {8550957C-C3AB-42FD-A3F8-C638E3A1F1A7}
	EndGlobalSection
EndGlobal
